
Microsoft Visual Studio Solution File, Format Version 12.00
# Visual Studio Version 17
VisualStudioVersion = 17.8.34322.80
MinimumVisualStudioVersion = 10.0.40219.1
Project("{888888A0-9F3D-457C-B088-3A5042F75D52}") = "Bugs", "Bugs.pyproj", "{87AC4B13-57E9-414D-9993-62D0CA13E025}"
EndProject
Global
	GlobalSection(SolutionConfigurationPlatforms) = preSolution
		Debug|Any CPU = Debug|Any CPU
		Release|Any CPU = Release|Any CPU
	EndGlobalSection
	GlobalSection(ProjectConfigurationPlatforms) = postSolution
		{87AC4B13-57E9-414D-9993-62D0CA13E025}.Debug|Any CPU.ActiveCfg = Debug|Any CPU
		{87AC4B13-57E9-414D-9993-62D0CA13E025}.Release|Any CPU.ActiveCfg = Release|Any CPU
	EndGlobalSection
	GlobalSection(SolutionProperties) = preSolution
		HideSolutionNode = FALSE
	EndGlobalSection
	GlobalSection(ExtensibilityGlobals) = postSolution
		SolutionGuid = {1032BEC4-A0C9-4E71-B67E-033B638A0C1D}
	EndGlobalSection
EndGlobal
